
Microsoft Visual Studio Solution File, Format Version 12.00
# Visual Studio Version 17
VisualStudioVersion = 17.0.31903.59
MinimumVisualStudioVersion = 10.0.40219.1
Project("{FAE04EC0-301F-11D3-BF4B-00C04F79EFBC}") = "Lezioni 2025", "Lezioni 2025\Lezioni 2025.csproj", "{52EE954A-747F-4FDC-8FC3-EFEB0BA99C02}"
EndProject
Project("{FAE04EC0-301F-11D3-BF4B-00C04F79EFBC}") = "1_Delegati", "1_Delegati\1_Delegati.csproj", "{373834BC-D2D8-4EE8-A11C-A288B101769A}"
EndProject
Project("{FAE04EC0-301F-11D3-BF4B-00C04F79EFBC}") = "2_DelagatiMatematici", "2_DelagatiMatematici\2_DelagatiMatematici.csproj", "{3EB4BB99-7D84-40DA-BE41-E36F8D413543}"
EndProject
Project("{FAE04EC0-301F-11D3-BF4B-00C04F79EFBC}") = "3_MulticastDelegati", "3_MulticastDelegati\3_MulticastDelegati.csproj", "{7E8F0445-985D-490E-84DC-9971B42243D5}"
EndProject
Project("{FAE04EC0-301F-11D3-BF4B-00C04F79EFBC}") = "4_EsempiLamba", "4_EsempiLamba\4_EsempiLamba.csproj", "{33413F6B-6304-4C84-B56D-DAD8593BE18F}"
EndProject
Project("{FAE04EC0-301F-11D3-BF4B-00C04F79EFBC}") = "5_EsempioStudente", "5_EsempioStudente\5_EsempioStudente.csproj", "{2189D25F-1FAD-4B61-B4FD-BC3A09E04BA4}"
EndProject
Project("{FAE04EC0-301F-11D3-BF4B-00C04F79EFBC}") = "6_EsempioStudente2", "6_EsempioStudente2\6_EsempioStudente2.csproj", "{0BD9B4D9-131A-4B7B-A43C-A1B9F0229BC6}"
EndProject
Project("{FAE04EC0-301F-11D3-BF4B-00C04F79EFBC}") = "7_EsempioFunc", "7_EsempioFunc\7_EsempioFunc.csproj", "{83789656-ADFE-4385-94A6-335FD0B7BE67}"
EndProject
Project("{FAE04EC0-301F-11D3-BF4B-00C04F79EFBC}") = "8_EsempioAction", "8_EsempioAction\8_EsempioAction.csproj", "{3BF2F79F-7796-4612-B208-C3F05B1C880C}"
EndProject
Project("{FAE04EC0-301F-11D3-BF4B-00C04F79EFBC}") = "9_EsempioLinq", "9_EsempioLinq\9_EsempioLinq.csproj", "{9CD133C8-71F5-42B8-86AD-3E662FB790E1}"
EndProject
Project("{FAE04EC0-301F-11D3-BF4B-00C04F79EFBC}") = "10_EsempioRicercaConDelegati", "10_EsempioRicercaConDelegati\10_EsempioRicercaConDelegati.csproj", "{77F06D92-B981-46BF-BE56-D82DD9B1D712}"
EndProject
Project("{FAE04EC0-301F-11D3-BF4B-00C04F79EFBC}") = "11_EsempioRicercaConLinq", "11_EsempioRicercaConLinq\11_EsempioRicercaConLinq.csproj", "{4496F09D-3AC2-481E-8810-51FB5664E170}"
EndProject
Global
	GlobalSection(SolutionConfigurationPlatforms) = preSolution
		Debug|Any CPU = Debug|Any CPU
		Debug|x64 = Debug|x64
		Debug|x86 = Debug|x86
		Release|Any CPU = Release|Any CPU
		Release|x64 = Release|x64
		Release|x86 = Release|x86
	EndGlobalSection
	GlobalSection(ProjectConfigurationPlatforms) = postSolution
		{52EE954A-747F-4FDC-8FC3-EFEB0BA99C02}.Debug|Any CPU.ActiveCfg = Debug|Any CPU
		{52EE954A-747F-4FDC-8FC3-EFEB0BA99C02}.Debug|Any CPU.Build.0 = Debug|Any CPU
		{52EE954A-747F-4FDC-8FC3-EFEB0BA99C02}.Debug|x64.ActiveCfg = Debug|Any CPU
		{52EE954A-747F-4FDC-8FC3-EFEB0BA99C02}.Debug|x64.Build.0 = Debug|Any CPU
		{52EE954A-747F-4FDC-8FC3-EFEB0BA99C02}.Debug|x86.ActiveCfg = Debug|Any CPU
		{52EE954A-747F-4FDC-8FC3-EFEB0BA99C02}.Debug|x86.Build.0 = Debug|Any CPU
		{52EE954A-747F-4FDC-8FC3-EFEB0BA99C02}.Release|Any CPU.ActiveCfg = Release|Any CPU
		{52EE954A-747F-4FDC-8FC3-EFEB0BA99C02}.Release|Any CPU.Build.0 = Release|Any CPU
		{52EE954A-747F-4FDC-8FC3-EFEB0BA99C02}.Release|x64.ActiveCfg = Release|Any CPU
		{52EE954A-747F-4FDC-8FC3-EFEB0BA99C02}.Release|x64.Build.0 = Release|Any CPU
		{52EE954A-747F-4FDC-8FC3-EFEB0BA99C02}.Release|x86.ActiveCfg = Release|Any CPU
		{52EE954A-747F-4FDC-8FC3-EFEB0BA99C02}.Release|x86.Build.0 = Release|Any CPU
		{373834BC-D2D8-4EE8-A11C-A288B101769A}.Debug|Any CPU.ActiveCfg = Debug|Any CPU
		{373834BC-D2D8-4EE8-A11C-A288B101769A}.Debug|Any CPU.Build.0 = Debug|Any CPU
		{373834BC-D2D8-4EE8-A11C-A288B101769A}.Debug|x64.ActiveCfg = Debug|Any CPU
		{373834BC-D2D8-4EE8-A11C-A288B101769A}.Debug|x64.Build.0 = Debug|Any CPU
		{373834BC-D2D8-4EE8-A11C-A288B101769A}.Debug|x86.ActiveCfg = Debug|Any CPU
		{373834BC-D2D8-4EE8-A11C-A288B101769A}.Debug|x86.Build.0 = Debug|Any CPU
		{373834BC-D2D8-4EE8-A11C-A288B101769A}.Release|Any CPU.ActiveCfg = Release|Any CPU
		{373834BC-D2D8-4EE8-A11C-A288B101769A}.Release|Any CPU.Build.0 = Release|Any CPU
		{373834BC-D2D8-4EE8-A11C-A288B101769A}.Release|x64.ActiveCfg = Release|Any CPU
		{373834BC-D2D8-4EE8-A11C-A288B101769A}.Release|x64.Build.0 = Release|Any CPU
		{373834BC-D2D8-4EE8-A11C-A288B101769A}.Release|x86.ActiveCfg = Release|Any CPU
		{373834BC-D2D8-4EE8-A11C-A288B101769A}.Release|x86.Build.0 = Release|Any CPU
		{3EB4BB99-7D84-40DA-BE41-E36F8D413543}.Debug|Any CPU.ActiveCfg = Debug|Any CPU
		{3EB4BB99-7D84-40DA-BE41-E36F8D413543}.Debug|Any CPU.Build.0 = Debug|Any CPU
		{3EB4BB99-7D84-40DA-BE41-E36F8D413543}.Debug|x64.ActiveCfg = Debug|Any CPU
		{3EB4BB99-7D84-40DA-BE41-E36F8D413543}.Debug|x64.Build.0 = Debug|Any CPU
		{3EB4BB99-7D84-40DA-BE41-E36F8D413543}.Debug|x86.ActiveCfg = Debug|Any CPU
		{3EB4BB99-7D84-40DA-BE41-E36F8D413543}.Debug|x86.Build.0 = Debug|Any CPU
		{3EB4BB99-7D84-40DA-BE41-E36F8D413543}.Release|Any CPU.ActiveCfg = Release|Any CPU
		{3EB4BB99-7D84-40DA-BE41-E36F8D413543}.Release|Any CPU.Build.0 = Release|Any CPU
		{3EB4BB99-7D84-40DA-BE41-E36F8D413543}.Release|x64.ActiveCfg = Release|Any CPU
		{3EB4BB99-7D84-40DA-BE41-E36F8D413543}.Release|x64.Build.0 = Release|Any CPU
		{3EB4BB99-7D84-40DA-BE41-E36F8D413543}.Release|x86.ActiveCfg = Release|Any CPU
		{3EB4BB99-7D84-40DA-BE41-E36F8D413543}.Release|x86.Build.0 = Release|Any CPU
		{7E8F0445-985D-490E-84DC-9971B42243D5}.Debug|Any CPU.ActiveCfg = Debug|Any CPU
		{7E8F0445-985D-490E-84DC-9971B42243D5}.Debug|Any CPU.Build.0 = Debug|Any CPU
		{7E8F0445-985D-490E-84DC-9971B42243D5}.Debug|x64.ActiveCfg = Debug|Any CPU
		{7E8F0445-985D-490E-84DC-9971B42243D5}.Debug|x64.Build.0 = Debug|Any CPU
		{7E8F0445-985D-490E-84DC-9971B42243D5}.Debug|x86.ActiveCfg = Debug|Any CPU
		{7E8F0445-985D-490E-84DC-9971B42243D5}.Debug|x86.Build.0 = Debug|Any CPU
		{7E8F0445-985D-490E-84DC-9971B42243D5}.Release|Any CPU.ActiveCfg = Release|Any CPU
		{7E8F0445-985D-490E-84DC-9971B42243D5}.Release|Any CPU.Build.0 = Release|Any CPU
		{7E8F0445-985D-490E-84DC-9971B42243D5}.Release|x64.ActiveCfg = Release|Any CPU
		{7E8F0445-985D-490E-84DC-9971B42243D5}.Release|x64.Build.0 = Release|Any CPU
		{7E8F0445-985D-490E-84DC-9971B42243D5}.Release|x86.ActiveCfg = Release|Any CPU
		{7E8F0445-985D-490E-84DC-9971B42243D5}.Release|x86.Build.0 = Release|Any CPU
		{33413F6B-6304-4C84-B56D-DAD8593BE18F}.Debug|Any CPU.ActiveCfg = Debug|Any CPU
		{33413F6B-6304-4C84-B56D-DAD8593BE18F}.Debug|Any CPU.Build.0 = Debug|Any CPU
		{33413F6B-6304-4C84-B56D-DAD8593BE18F}.Debug|x64.ActiveCfg = Debug|Any CPU
		{33413F6B-6304-4C84-B56D-DAD8593BE18F}.Debug|x64.Build.0 = Debug|Any CPU
		{33413F6B-6304-4C84-B56D-DAD8593BE18F}.Debug|x86.ActiveCfg = Debug|Any CPU
		{33413F6B-6304-4C84-B56D-DAD8593BE18F}.Debug|x86.Build.0 = Debug|Any CPU
		{33413F6B-6304-4C84-B56D-DAD8593BE18F}.Release|Any CPU.ActiveCfg = Release|Any CPU
		{33413F6B-6304-4C84-B56D-DAD8593BE18F}.Release|Any CPU.Build.0 = Release|Any CPU
		{33413F6B-6304-4C84-B56D-DAD8593BE18F}.Release|x64.ActiveCfg = Release|Any CPU
		{33413F6B-6304-4C84-B56D-DAD8593BE18F}.Release|x64.Build.0 = Release|Any CPU
		{33413F6B-6304-4C84-B56D-DAD8593BE18F}.Release|x86.ActiveCfg = Release|Any CPU
		{33413F6B-6304-4C84-B56D-DAD8593BE18F}.Release|x86.Build.0 = Release|Any CPU
		{2189D25F-1FAD-4B61-B4FD-BC3A09E04BA4}.Debug|Any CPU.ActiveCfg = Debug|Any CPU
		{2189D25F-1FAD-4B61-B4FD-BC3A09E04BA4}.Debug|Any CPU.Build.0 = Debug|Any CPU
		{2189D25F-1FAD-4B61-B4FD-BC3A09E04BA4}.Debug|x64.ActiveCfg = Debug|Any CPU
		{2189D25F-1FAD-4B61-B4FD-BC3A09E04BA4}.Debug|x64.Build.0 = Debug|Any CPU
		{2189D25F-1FAD-4B61-B4FD-BC3A09E04BA4}.Debug|x86.ActiveCfg = Debug|Any CPU
		{2189D25F-1FAD-4B61-B4FD-BC3A09E04BA4}.Debug|x86.Build.0 = Debug|Any CPU
		{2189D25F-1FAD-4B61-B4FD-BC3A09E04BA4}.Release|Any CPU.ActiveCfg = Release|Any CPU
		{2189D25F-1FAD-4B61-B4FD-BC3A09E04BA4}.Release|Any CPU.Build.0 = Release|Any CPU
		{2189D25F-1FAD-4B61-B4FD-BC3A09E04BA4}.Release|x64.ActiveCfg = Release|Any CPU
		{2189D25F-1FAD-4B61-B4FD-BC3A09E04BA4}.Release|x64.Build.0 = Release|Any CPU
		{2189D25F-1FAD-4B61-B4FD-BC3A09E04BA4}.Release|x86.ActiveCfg = Release|Any CPU
		{2189D25F-1FAD-4B61-B4FD-BC3A09E04BA4}.Release|x86.Build.0 = Release|Any CPU
		{0BD9B4D9-131A-4B7B-A43C-A1B9F0229BC6}.Debug|Any CPU.ActiveCfg = Debug|Any CPU
		{0BD9B4D9-131A-4B7B-A43C-A1B9F0229BC6}.Debug|Any CPU.Build.0 = Debug|Any CPU
		{0BD9B4D9-131A-4B7B-A43C-A1B9F0229BC6}.Debug|x64.ActiveCfg = Debug|Any CPU
		{0BD9B4D9-131A-4B7B-A43C-A1B9F0229BC6}.Debug|x64.Build.0 = Debug|Any CPU
		{0BD9B4D9-131A-4B7B-A43C-A1B9F0229BC6}.Debug|x86.ActiveCfg = Debug|Any CPU
		{0BD9B4D9-131A-4B7B-A43C-A1B9F0229BC6}.Debug|x86.Build.0 = Debug|Any CPU
		{0BD9B4D9-131A-4B7B-A43C-A1B9F0229BC6}.Release|Any CPU.ActiveCfg = Release|Any CPU
		{0BD9B4D9-131A-4B7B-A43C-A1B9F0229BC6}.Release|Any CPU.Build.0 = Release|Any CPU
		{0BD9B4D9-131A-4B7B-A43C-A1B9F0229BC6}.Release|x64.ActiveCfg = Release|Any CPU
		{0BD9B4D9-131A-4B7B-A43C-A1B9F0229BC6}.Release|x64.Build.0 = Release|Any CPU
		{0BD9B4D9-131A-4B7B-A43C-A1B9F0229BC6}.Release|x86.ActiveCfg = Release|Any CPU
		{0BD9B4D9-131A-4B7B-A43C-A1B9F0229BC6}.Release|x86.Build.0 = Release|Any CPU
		{83789656-ADFE-4385-94A6-335FD0B7BE67}.Debug|Any CPU.ActiveCfg = Debug|Any CPU
		{83789656-ADFE-4385-94A6-335FD0B7BE67}.Debug|Any CPU.Build.0 = Debug|Any CPU
		{83789656-ADFE-4385-94A6-335FD0B7BE67}.Debug|x64.ActiveCfg = Debug|Any CPU
		{83789656-ADFE-4385-94A6-335FD0B7BE67}.Debug|x64.Build.0 = Debug|Any CPU
		{83789656-ADFE-4385-94A6-335FD0B7BE67}.Debug|x86.ActiveCfg = Debug|Any CPU
		{83789656-ADFE-4385-94A6-335FD0B7BE67}.Debug|x86.Build.0 = Debug|Any CPU
		{83789656-ADFE-4385-94A6-335FD0B7BE67}.Release|Any CPU.ActiveCfg = Release|Any CPU
		{83789656-ADFE-4385-94A6-335FD0B7BE67}.Release|Any CPU.Build.0 = Release|Any CPU
		{83789656-ADFE-4385-94A6-335FD0B7BE67}.Release|x64.ActiveCfg = Release|Any CPU
		{83789656-ADFE-4385-94A6-335FD0B7BE67}.Release|x64.Build.0 = Release|Any CPU
		{83789656-ADFE-4385-94A6-335FD0B7BE67}.Release|x86.ActiveCfg = Release|Any CPU
		{83789656-ADFE-4385-94A6-335FD0B7BE67}.Release|x86.Build.0 = Release|Any CPU
		{3BF2F79F-7796-4612-B208-C3F05B1C880C}.Debug|Any CPU.ActiveCfg = Debug|Any CPU
		{3BF2F79F-7796-4612-B208-C3F05B1C880C}.Debug|Any CPU.Build.0 = Debug|Any CPU
		{3BF2F79F-7796-4612-B208-C3F05B1C880C}.Debug|x64.ActiveCfg = Debug|Any CPU
		{3BF2F79F-7796-4612-B208-C3F05B1C880C}.Debug|x64.Build.0 = Debug|Any CPU
		{3BF2F79F-7796-4612-B208-C3F05B1C880C}.Debug|x86.ActiveCfg = Debug|Any CPU
		{3BF2F79F-7796-4612-B208-C3F05B1C880C}.Debug|x86.Build.0 = Debug|Any CPU
		{3BF2F79F-7796-4612-B208-C3F05B1C880C}.Release|Any CPU.ActiveCfg = Release|Any CPU
		{3BF2F79F-7796-4612-B208-C3F05B1C880C}.Release|Any CPU.Build.0 = Release|Any CPU
		{3BF2F79F-7796-4612-B208-C3F05B1C880C}.Release|x64.ActiveCfg = Release|Any CPU
		{3BF2F79F-7796-4612-B208-C3F05B1C880C}.Release|x64.Build.0 = Release|Any CPU
		{3BF2F79F-7796-4612-B208-C3F05B1C880C}.Release|x86.ActiveCfg = Release|Any CPU
		{3BF2F79F-7796-4612-B208-C3F05B1C880C}.Release|x86.Build.0 = Release|Any CPU
		{9CD133C8-71F5-42B8-86AD-3E662FB790E1}.Debug|Any CPU.ActiveCfg = Debug|Any CPU
		{9CD133C8-71F5-42B8-86AD-3E662FB790E1}.Debug|Any CPU.Build.0 = Debug|Any CPU
		{9CD133C8-71F5-42B8-86AD-3E662FB790E1}.Debug|x64.ActiveCfg = Debug|Any CPU
		{9CD133C8-71F5-42B8-86AD-3E662FB790E1}.Debug|x64.Build.0 = Debug|Any CPU
		{9CD133C8-71F5-42B8-86AD-3E662FB790E1}.Debug|x86.ActiveCfg = Debug|Any CPU
		{9CD133C8-71F5-42B8-86AD-3E662FB790E1}.Debug|x86.Build.0 = Debug|Any CPU
		{9CD133C8-71F5-42B8-86AD-3E662FB790E1}.Release|Any CPU.ActiveCfg = Release|Any CPU
		{9CD133C8-71F5-42B8-86AD-3E662FB790E1}.Release|Any CPU.Build.0 = Release|Any CPU
		{9CD133C8-71F5-42B8-86AD-3E662FB790E1}.Release|x64.ActiveCfg = Release|Any CPU
		{9CD133C8-71F5-42B8-86AD-3E662FB790E1}.Release|x64.Build.0 = Release|Any CPU
		{9CD133C8-71F5-42B8-86AD-3E662FB790E1}.Release|x86.ActiveCfg = Release|Any CPU
		{9CD133C8-71F5-42B8-86AD-3E662FB790E1}.Release|x86.Build.0 = Release|Any CPU
		{77F06D92-B981-46BF-BE56-D82DD9B1D712}.Debug|Any CPU.ActiveCfg = Debug|Any CPU
		{77F06D92-B981-46BF-BE56-D82DD9B1D712}.Debug|Any CPU.Build.0 = Debug|Any CPU
		{77F06D92-B981-46BF-BE56-D82DD9B1D712}.Debug|x64.ActiveCfg = Debug|Any CPU
		{77F06D92-B981-46BF-BE56-D82DD9B1D712}.Debug|x64.Build.0 = Debug|Any CPU
		{77F06D92-B981-46BF-BE56-D82DD9B1D712}.Debug|x86.ActiveCfg = Debug|Any CPU
		{77F06D92-B981-46BF-BE56-D82DD9B1D712}.Debug|x86.Build.0 = Debug|Any CPU
		{77F06D92-B981-46BF-BE56-D82DD9B1D712}.Release|Any CPU.ActiveCfg = Release|Any CPU
		{77F06D92-B981-46BF-BE56-D82DD9B1D712}.Release|Any CPU.Build.0 = Release|Any CPU
		{77F06D92-B981-46BF-BE56-D82DD9B1D712}.Release|x64.ActiveCfg = Release|Any CPU
		{77F06D92-B981-46BF-BE56-D82DD9B1D712}.Release|x64.Build.0 = Release|Any CPU
		{77F06D92-B981-46BF-BE56-D82DD9B1D712}.Release|x86.ActiveCfg = Release|Any CPU
		{77F06D92-B981-46BF-BE56-D82DD9B1D712}.Release|x86.Build.0 = Release|Any CPU
		{4496F09D-3AC2-481E-8810-51FB5664E170}.Debug|Any CPU.ActiveCfg = Debug|Any CPU
		{4496F09D-3AC2-481E-8810-51FB5664E170}.Debug|Any CPU.Build.0 = Debug|Any CPU
		{4496F09D-3AC2-481E-8810-51FB5664E170}.Debug|x64.ActiveCfg = Debug|Any CPU
		{4496F09D-3AC2-481E-8810-51FB5664E170}.Debug|x64.Build.0 = Debug|Any CPU
		{4496F09D-3AC2-481E-8810-51FB5664E170}.Debug|x86.ActiveCfg = Debug|Any CPU
		{4496F09D-3AC2-481E-8810-51FB5664E170}.Debug|x86.Build.0 = Debug|Any CPU
		{4496F09D-3AC2-481E-8810-51FB5664E170}.Release|Any CPU.ActiveCfg = Release|Any CPU
		{4496F09D-3AC2-481E-8810-51FB5664E170}.Release|Any CPU.Build.0 = Release|Any CPU
		{4496F09D-3AC2-481E-8810-51FB5664E170}.Release|x64.ActiveCfg = Release|Any CPU
		{4496F09D-3AC2-481E-8810-51FB5664E170}.Release|x64.Build.0 = Release|Any CPU
		{4496F09D-3AC2-481E-8810-51FB5664E170}.Release|x86.ActiveCfg = Release|Any CPU
		{4496F09D-3AC2-481E-8810-51FB5664E170}.Release|x86.Build.0 = Release|Any CPU
	EndGlobalSection
	GlobalSection(SolutionProperties) = preSolution
		HideSolutionNode = FALSE
	EndGlobalSection
EndGlobal
